
Microsoft Visual Studio Solution File, Format Version 12.00
# Visual Studio Version 17
VisualStudioVersion = 17.14.36202.13
MinimumVisualStudioVersion = 10.0.40219.1
Project("{FAE04EC0-301F-11D3-BF4B-00C04F79EFBC}") = "WebApi", "src\WebApi\WebApi.csproj", "{416D3CC7-A039-47E2-8338-6D67A15A1F70}"
EndProject
Project("{2150E333-8FDC-42A3-9474-1A3956D46DE8}") = "src", "src", "{02EA681E-C7D8-13C7-8484-4AC65E1B71E8}"
EndProject
Project("{FAE04EC0-301F-11D3-BF4B-00C04F79EFBC}") = "Domain", "src\Domain\Domain.csproj", "{F1CF4BE9-A995-4EDB-9F3D-F32FDEAED7AA}"
EndProject
Project("{FAE04EC0-301F-11D3-BF4B-00C04F79EFBC}") = "Application", "src\Application\Application.csproj", "{285B3D14-4EF0-40A9-9CA6-086DB8496DAB}"
EndProject
Project("{FAE04EC0-301F-11D3-BF4B-00C04F79EFBC}") = "Infrastructure", "src\Infrastructure\Infrastructure.csproj", "{9F75911E-721C-4AFB-9953-FCBFA9B65E79}"
EndProject
Project("{2150E333-8FDC-42A3-9474-1A3956D46DE8}") = "tests", "tests", "{0AB3BF05-4346-4AA6-1389-037BE0695223}"
EndProject
Project("{FAE04EC0-301F-11D3-BF4B-00C04F79EFBC}") = "Tests", "tests\Tests\Tests.csproj", "{AFE0BCBE-D15F-460C-A466-7A90F65DB191}"
EndProject
Project("{2150E333-8FDC-42A3-9474-1A3956D46DE8}") = "Solution Items", "Solution Items", "{8EC462FD-D22E-90A8-E5CE-7E832BA40C5D}"
	ProjectSection(SolutionItems) = preProject
		.dockerignore = .dockerignore
		.editorconfig = .editorconfig
		.env = .env
		.gitignore = .gitignore
		docker-compose.yml = docker-compose.yml
		Dockerfile = Dockerfile
		stylecop.json = stylecop.json
		StyleCop.ruleset = StyleCop.ruleset
	EndProjectSection
EndProject
Global
	GlobalSection(SolutionConfigurationPlatforms) = preSolution
		Debug|Any CPU = Debug|Any CPU
		Debug|x64 = Debug|x64
		Debug|x86 = Debug|x86
		Release|Any CPU = Release|Any CPU
		Release|x64 = Release|x64
		Release|x86 = Release|x86
	EndGlobalSection
	GlobalSection(ProjectConfigurationPlatforms) = postSolution
		{416D3CC7-A039-47E2-8338-6D67A15A1F70}.Debug|Any CPU.ActiveCfg = Debug|Any CPU
		{416D3CC7-A039-47E2-8338-6D67A15A1F70}.Debug|Any CPU.Build.0 = Debug|Any CPU
		{416D3CC7-A039-47E2-8338-6D67A15A1F70}.Debug|x64.ActiveCfg = Debug|Any CPU
		{416D3CC7-A039-47E2-8338-6D67A15A1F70}.Debug|x64.Build.0 = Debug|Any CPU
		{416D3CC7-A039-47E2-8338-6D67A15A1F70}.Debug|x86.ActiveCfg = Debug|Any CPU
		{416D3CC7-A039-47E2-8338-6D67A15A1F70}.Debug|x86.Build.0 = Debug|Any CPU
		{416D3CC7-A039-47E2-8338-6D67A15A1F70}.Release|Any CPU.ActiveCfg = Release|Any CPU
		{416D3CC7-A039-47E2-8338-6D67A15A1F70}.Release|Any CPU.Build.0 = Release|Any CPU
		{416D3CC7-A039-47E2-8338-6D67A15A1F70}.Release|x64.ActiveCfg = Release|Any CPU
		{416D3CC7-A039-47E2-8338-6D67A15A1F70}.Release|x64.Build.0 = Release|Any CPU
		{416D3CC7-A039-47E2-8338-6D67A15A1F70}.Release|x86.ActiveCfg = Release|Any CPU
		{416D3CC7-A039-47E2-8338-6D67A15A1F70}.Release|x86.Build.0 = Release|Any CPU
		{F1CF4BE9-A995-4EDB-9F3D-F32FDEAED7AA}.Debug|Any CPU.ActiveCfg = Debug|Any CPU
		{F1CF4BE9-A995-4EDB-9F3D-F32FDEAED7AA}.Debug|Any CPU.Build.0 = Debug|Any CPU
		{F1CF4BE9-A995-4EDB-9F3D-F32FDEAED7AA}.Debug|x64.ActiveCfg = Debug|Any CPU
		{F1CF4BE9-A995-4EDB-9F3D-F32FDEAED7AA}.Debug|x64.Build.0 = Debug|Any CPU
		{F1CF4BE9-A995-4EDB-9F3D-F32FDEAED7AA}.Debug|x86.ActiveCfg = Debug|Any CPU
		{F1CF4BE9-A995-4EDB-9F3D-F32FDEAED7AA}.Debug|x86.Build.0 = Debug|Any CPU
		{F1CF4BE9-A995-4EDB-9F3D-F32FDEAED7AA}.Release|Any CPU.ActiveCfg = Release|Any CPU
		{F1CF4BE9-A995-4EDB-9F3D-F32FDEAED7AA}.Release|Any CPU.Build.0 = Release|Any CPU
		{F1CF4BE9-A995-4EDB-9F3D-F32FDEAED7AA}.Release|x64.ActiveCfg = Release|Any CPU
		{F1CF4BE9-A995-4EDB-9F3D-F32FDEAED7AA}.Release|x64.Build.0 = Release|Any CPU
		{F1CF4BE9-A995-4EDB-9F3D-F32FDEAED7AA}.Release|x86.ActiveCfg = Release|Any CPU
		{F1CF4BE9-A995-4EDB-9F3D-F32FDEAED7AA}.Release|x86.Build.0 = Release|Any CPU
		{285B3D14-4EF0-40A9-9CA6-086DB8496DAB}.Debug|Any CPU.ActiveCfg = Debug|Any CPU
		{285B3D14-4EF0-40A9-9CA6-086DB8496DAB}.Debug|Any CPU.Build.0 = Debug|Any CPU
		{285B3D14-4EF0-40A9-9CA6-086DB8496DAB}.Debug|x64.ActiveCfg = Debug|Any CPU
		{285B3D14-4EF0-40A9-9CA6-086DB8496DAB}.Debug|x64.Build.0 = Debug|Any CPU
		{285B3D14-4EF0-40A9-9CA6-086DB8496DAB}.Debug|x86.ActiveCfg = Debug|Any CPU
		{285B3D14-4EF0-40A9-9CA6-086DB8496DAB}.Debug|x86.Build.0 = Debug|Any CPU
		{285B3D14-4EF0-40A9-9CA6-086DB8496DAB}.Release|Any CPU.ActiveCfg = Release|Any CPU
		{285B3D14-4EF0-40A9-9CA6-086DB8496DAB}.Release|Any CPU.Build.0 = Release|Any CPU
		{285B3D14-4EF0-40A9-9CA6-086DB8496DAB}.Release|x64.ActiveCfg = Release|Any CPU
		{285B3D14-4EF0-40A9-9CA6-086DB8496DAB}.Release|x64.Build.0 = Release|Any CPU
		{285B3D14-4EF0-40A9-9CA6-086DB8496DAB}.Release|x86.ActiveCfg = Release|Any CPU
		{285B3D14-4EF0-40A9-9CA6-086DB8496DAB}.Release|x86.Build.0 = Release|Any CPU
		{9F75911E-721C-4AFB-9953-FCBFA9B65E79}.Debug|Any CPU.ActiveCfg = Debug|Any CPU
		{9F75911E-721C-4AFB-9953-FCBFA9B65E79}.Debug|Any CPU.Build.0 = Debug|Any CPU
		{9F75911E-721C-4AFB-9953-FCBFA9B65E79}.Debug|x64.ActiveCfg = Debug|Any CPU
		{9F75911E-721C-4AFB-9953-FCBFA9B65E79}.Debug|x64.Build.0 = Debug|Any CPU
		{9F75911E-721C-4AFB-9953-FCBFA9B65E79}.Debug|x86.ActiveCfg = Debug|Any CPU
		{9F75911E-721C-4AFB-9953-FCBFA9B65E79}.Debug|x86.Build.0 = Debug|Any CPU
		{9F75911E-721C-4AFB-9953-FCBFA9B65E79}.Release|Any CPU.ActiveCfg = Release|Any CPU
		{9F75911E-721C-4AFB-9953-FCBFA9B65E79}.Release|Any CPU.Build.0 = Release|Any CPU
		{9F75911E-721C-4AFB-9953-FCBFA9B65E79}.Release|x64.ActiveCfg = Release|Any CPU
		{9F75911E-721C-4AFB-9953-FCBFA9B65E79}.Release|x64.Build.0 = Release|Any CPU
		{9F75911E-721C-4AFB-9953-FCBFA9B65E79}.Release|x86.ActiveCfg = Release|Any CPU
		{9F75911E-721C-4AFB-9953-FCBFA9B65E79}.Release|x86.Build.0 = Release|Any CPU
		{AFE0BCBE-D15F-460C-A466-7A90F65DB191}.Debug|Any CPU.ActiveCfg = Debug|Any CPU
		{AFE0BCBE-D15F-460C-A466-7A90F65DB191}.Debug|Any CPU.Build.0 = Debug|Any CPU
		{AFE0BCBE-D15F-460C-A466-7A90F65DB191}.Debug|x64.ActiveCfg = Debug|Any CPU
		{AFE0BCBE-D15F-460C-A466-7A90F65DB191}.Debug|x64.Build.0 = Debug|Any CPU
		{AFE0BCBE-D15F-460C-A466-7A90F65DB191}.Debug|x86.ActiveCfg = Debug|Any CPU
		{AFE0BCBE-D15F-460C-A466-7A90F65DB191}.Debug|x86.Build.0 = Debug|Any CPU
		{AFE0BCBE-D15F-460C-A466-7A90F65DB191}.Release|Any CPU.ActiveCfg = Release|Any CPU
		{AFE0BCBE-D15F-460C-A466-7A90F65DB191}.Release|Any CPU.Build.0 = Release|Any CPU
		{AFE0BCBE-D15F-460C-A466-7A90F65DB191}.Release|x64.ActiveCfg = Release|Any CPU
		{AFE0BCBE-D15F-460C-A466-7A90F65DB191}.Release|x64.Build.0 = Release|Any CPU
		{AFE0BCBE-D15F-460C-A466-7A90F65DB191}.Release|x86.ActiveCfg = Release|Any CPU
		{AFE0BCBE-D15F-460C-A466-7A90F65DB191}.Release|x86.Build.0 = Release|Any CPU
	EndGlobalSection
	GlobalSection(SolutionProperties) = preSolution
		HideSolutionNode = FALSE
	EndGlobalSection
	GlobalSection(NestedProjects) = preSolution
		{416D3CC7-A039-47E2-8338-6D67A15A1F70} = {02EA681E-C7D8-13C7-8484-4AC65E1B71E8}
		{F1CF4BE9-A995-4EDB-9F3D-F32FDEAED7AA} = {02EA681E-C7D8-13C7-8484-4AC65E1B71E8}
		{285B3D14-4EF0-40A9-9CA6-086DB8496DAB} = {02EA681E-C7D8-13C7-8484-4AC65E1B71E8}
		{9F75911E-721C-4AFB-9953-FCBFA9B65E79} = {02EA681E-C7D8-13C7-8484-4AC65E1B71E8}
		{AFE0BCBE-D15F-460C-A466-7A90F65DB191} = {0AB3BF05-4346-4AA6-1389-037BE0695223}
	EndGlobalSection
	GlobalSection(ExtensibilityGlobals) = postSolution
		SolutionGuid = {63F20A4D-14AE-4B7F-B5F6-C4F1B1DF0FA1}
	EndGlobalSection
EndGlobal
